github.com/BurntSushi/toml v1.4.0 h1:kuoIxZQy2WRRk1pttg9asf+WVv6tWQuBNVmK8+nqPr0=
github.com/BurntSushi/toml v1.4.0/go.mod h1:ukJfTF/6rtPPRCnwkur4qwRxa8vTRFBF0uk2lLoLwho=
github.com/antlr/antlr4 v0.0.0-20191011202612-ad2bd05285ca h1:QHbltbNkVcw97h4zA/L8gA4o3dJiFvBZ0gyZHrYXHbs=
github.com/antlr/antlr4 v0.0.0-20191011202612-ad2bd05285ca/go.mod h1:T7PbCXFs94rrTttyxjbyT5+/1V8T2TYDejxUfHJjw1Y=
github.com/cybergarage/go-graphite v1.0.1 h1:PNPb6OeHkkBW3MB4O75Udz/s4kAMsf5AWm7tiY7hajY=
github.com/cybergarage/go-graphite v1.0.1/go.mod h1:C/WUt71GU/xUpEZytkN5PvFKtdLEOJ7Nw/ej/z1zbQo=
github.com/cybergarage/go-logger v1.3.4 h1:UTgYZr/LwQtYVOncS3NJ64We5kCe7ce6L85y/MOYfrM=
github.com/cybergarage/go-logger v1.3.4/go.mod h1:2iMjinHam5oqyKEGsKIzeQQmmOPxpCgro95LOlEC2ks=
github.com/cybergarage/uecho-go v1.2.1 h1:zDOQZNINPwJEiMK2PsclJHbvuZ0F/wzBkw9lwT7fOPQ=
github.com/cybergarage/uecho-go v1.2.1/go.mod h1:6ufTwZyY2RBgjabu82tSu1WJ8TSJkeP3lAuGrNgH7aA=
